// !$*UTF8*$!
{
	archiveVersion = 1;
	classes = {
	};
	objectVersion = 46;
	objects = {

/* Begin PBXBuildFile section */
		8726EE79F96E12D91BA74190 /* libPods-FMDBDemo.a in Frameworks */ = {isa = PBXBuildFile; fileRef = 6FD69044558DAB6DCAF385E8 /* libPods-FMDBDemo.a */; };
		933D8F671DAC92F8007034D9 /* FMDBManager.m in Sources */ = {isa = PBXBuildFile; fileRef = 933D8F661DAC92F8007034D9 /* FMDBManager.m */; };
		933D8F691DAC93D2007034D9 /* libsqlite3.0.tbd in Frameworks */ = {isa = PBXBuildFile; fileRef = 933D8F681DAC93D2007034D9 /* libsqlite3.0.tbd */; };
		93B528711DACD5A100977CF4 /* default.png in Resources */ = {isa = PBXBuildFile; fileRef = 93B528701DACD5A100977CF4 /* default.png */; };
		93B528741DACD84A00977CF4 /* Person.m in Sources */ = {isa = PBXBuildFile; fileRef = 93B528731DACD84A00977CF4 /* Person.m */; };
		93B528771DACDE2400977CF4 /* PersonTableViewCell.m in Sources */ = {isa = PBXBuildFile; fileRef = 93B528761DACDE2400977CF4 /* PersonTableViewCell.m */; };
		93CD81BE1DABCDCF00A0A5B6 /* main.m in Sources */ = {isa = PBXBuildFile; fileRef = 93CD81BD1DABCDCF00A0A5B6 /* main.m */; };
		93CD81C11DABCDCF00A0A5B6 /* AppDelegate.m in Sources */ = {isa = PBXBuildFile; fileRef = 93CD81C01DABCDCF00A0A5B6 /* AppDelegate.m */; };
		93CD81C71DABCDCF00A0A5B6 /* Main.storyboard in Resources */ = {isa = PBXBuildFile; fileRef = 93CD81C51DABCDCF00A0A5B6 /* Main.storyboard */; };
		93CD81C91DABCDCF00A0A5B6 /* Assets.xcassets in Resources */ = {isa = PBXBuildFile; fileRef = 93CD81C81DABCDCF00A0A5B6 /* Assets.xcassets */; };
		93CD81CC1DABCDCF00A0A5B6 /* LaunchScreen.storyboard in Resources */ = {isa = PBXBuildFile; fileRef = 93CD81CA1DABCDCF00A0A5B6 /* LaunchScreen.storyboard */; };
		93CD81D51DABD03300A0A5B6 /* RootTableViewController.m in Sources */ = {isa = PBXBuildFile; fileRef = 93CD81D41DABD03300A0A5B6 /* RootTableViewController.m */; };
		93CD81D81DABD24500A0A5B6 /* AddViewController.m in Sources */ = {isa = PBXBuildFile; fileRef = 93CD81D71DABD24500A0A5B6 /* AddViewController.m */; };
/* End PBXBuildFile section */

/* Begin PBXFileReference section */
		179E65324A9160A31EE4D367 /* Pods-FMDBDemo.debug.xcconfig */ = {isa = PBXFileReference; includeInIndex = 1; lastKnownFileType = text.xcconfig; name = "Pods-FMDBDemo.debug.xcconfig"; path = "Pods/Target Support Files/Pods-FMDBDemo/Pods-FMDBDemo.debug.xcconfig"; sourceTree = "<group>"; };
		43FB9B74286AC7482A0B9DC6 /* Pods-FMDBDemo.release.xcconfig */ = {isa = PBXFileReference; includeInIndex = 1; lastKnownFileType = text.xcconfig; name = "Pods-FMDBDemo.release.xcconfig"; path = "Pods/Target Support Files/Pods-FMDBDemo/Pods-FMDBDemo.release.xcconfig"; sourceTree = "<group>"; };
		6FD69044558DAB6DCAF385E8 /* libPods-FMDBDemo.a */ = {isa = PBXFileReference; explicitFileType = archive.ar; includeInIndex = 0; path = "libPods-FMDBDemo.a"; sourceTree = BUILT_PRODUCTS_DIR; };
		933D8F651DAC92F8007034D9 /* FMDBManager.h */ = {isa = PBXFileReference; fileEncoding = 4; lastKnownFileType = sourcecode.c.h; path = FMDBManager.h; sourceTree = "<group>"; };
		933D8F661DAC92F8007034D9 /* FMDBManager.m */ = {isa = PBXFileReference; fileEncoding = 4; lastKnownFileType = sourcecode.c.objc; path = FMDBManager.m; sourceTree = "<group>"; };
		933D8F681DAC93D2007034D9 /* libsqlite3.0.tbd */ = {isa = PBXFileReference; lastKnownFileType = "sourcecode.text-based-dylib-definition"; name = libsqlite3.0.tbd; path = usr/lib/libsqlite3.0.tbd; sourceTree = SDKROOT; };
		93B528701DACD5A100977CF4 /* default.png */ = {isa = PBXFileReference; lastKnownFileType = image.png; path = default.png; sourceTree = "<group>"; };
		93B528721DACD84A00977CF4 /* Person.h */ = {isa = PBXFileReference; fileEncoding = 4; lastKnownFileType = sourcecode.c.h; path = Person.h; sourceTree = "<group>"; };
		93B528731DACD84A00977CF4 /* Person.m */ = {isa = PBXFileReference; fileEncoding = 4; lastKnownFileType = sourcecode.c.objc; path = Person.m; sourceTree = "<group>"; };
		93B528751DACDE2400977CF4 /* PersonTableViewCell.h */ = {isa = PBXFileReference; fileEncoding = 4; lastKnownFileType = sourcecode.c.h; path = PersonTableViewCell.h; sourceTree = "<group>"; };
		93B528761DACDE2400977CF4 /* PersonTableViewCell.m */ = {isa = PBXFileReference; fileEncoding = 4; lastKnownFileType = sourcecode.c.objc; path = PersonTableViewCell.m; sourceTree = "<group>"; };
		93CD81B91DABCDCF00A0A5B6 /* FMDBDemo.app */ = {isa = PBXFileReference; explicitFileType = wrapper.application; includeInIndex = 0; path = FMDBDemo.app; sourceTree = BUILT_PRODUCTS_DIR; };
		93CD81BD1DABCDCF00A0A5B6 /* main.m */ = {isa = PBXFileReference; lastKnownFileType = sourcecode.c.objc; path = main.m; sourceTree = "<group>"; };
		93CD81BF1DABCDCF00A0A5B6 /* AppDelegate.h */ = {isa = PBXFileReference; lastKnownFileType = sourcecode.c.h; path = AppDelegate.h; sourceTree = "<group>"; };
		93CD81C01DABCDCF00A0A5B6 /* AppDelegate.m */ = {isa = PBXFileReference; lastKnownFileType = sourcecode.c.objc; path = AppDelegate.m; sourceTree = "<group>"; };
		93CD81C61DABCDCF00A0A5B6 /* Base */ = {isa = PBXFileReference; lastKnownFileType = file.storyboard; name = Base; path = Base.lproj/Main.storyboard; sourceTree = "<group>"; };
		93CD81C81DABCDCF00A0A5B6 /* Assets.xcassets */ = {isa = PBXFileReference; lastKnownFileType = folder.assetcatalog; path = Assets.xcassets; sourceTree = "<group>"; };
		93CD81CB1DABCDCF00A0A5B6 /* Base */ = {isa = PBXFileReference; lastKnownFileType = file.storyboard; name = Base; path = Base.lproj/LaunchScreen.storyboard; sourceTree = "<group>"; };
		93CD81CD1DABCDCF00A0A5B6 /* Info.plist */ = {isa = PBXFileReference; lastKnownFileType = text.plist.xml; path = Info.plist; sourceTree = "<group>"; };
		93CD81D31DABD03300A0A5B6 /* RootTableViewController.h */ = {isa = PBXFileReference; fileEncoding = 4; lastKnownFileType = sourcecode.c.h; path = RootTableViewController.h; sourceTree = "<group>"; };
		93CD81D41DABD03300A0A5B6 /* RootTableViewController.m */ = {isa = PBXFileReference; fileEncoding = 4; lastKnownFileType = sourcecode.c.objc; path = RootTableViewController.m; sourceTree = "<group>"; };
		93CD81D61DABD24500A0A5B6 /* AddViewController.h */ = {isa = PBXFileReference; fileEncoding = 4; lastKnownFileType = sourcecode.c.h; path = AddViewController.h; sourceTree = "<group>"; };
		93CD81D71DABD24500A0A5B6 /* AddViewController.m */ = {isa = PBXFileReference; fileEncoding = 4; lastKnownFileType = sourcecode.c.objc; path = AddViewController.m; sourceTree = "<group>"; };
/* End PBXFileReference section */

/* Begin PBXFrameworksBuildPhase section */
		93CD81B61DABCDCF00A0A5B6 /* Frameworks */ = {
			isa = PBXFrameworksBuildPhase;
			buildActionMask = 2147483647;
			files = (
				933D8F691DAC93D2007034D9 /* libsqlite3.0.tbd in Frameworks */,
				8726EE79F96E12D91BA74190 /* libPods-FMDBDemo.a in Frameworks */,
			);
			runOnlyForDeploymentPostprocessing = 0;
		};
/* End PBXFrameworksBuildPhase section */

/* Begin PBXGroup section */
		93CD81B01DABCDCF00A0A5B6 = {
			isa = PBXGroup;
			children = (
				93CD81BB1DABCDCF00A0A5B6 /* FMDBDemo */,
				93CD81BA1DABCDCF00A0A5B6 /* Products */,
				C512BCA91B2B49A7E7A52538 /* Pods */,
				F4A5250D5C263099D0F16EB8 /* Frameworks */,
			);
			sourceTree = "<group>";
		};
		93CD81BA1DABCDCF00A0A5B6 /* Products */ = {
			isa = PBXGroup;
			children = (
				93CD81B91DABCDCF00A0A5B6 /* FMDBDemo.app */,
			);
			name = Products;
			sourceTree = "<group>";
		};
		93CD81BB1DABCDCF00A0A5B6 /* FMDBDemo */ = {
			isa = PBXGroup;
			children = (
				93B528721DACD84A00977CF4 /* Person.h */,
				93B528731DACD84A00977CF4 /* Person.m */,
				93CD81D61DABD24500A0A5B6 /* AddViewController.h */,
				93CD81D71DABD24500A0A5B6 /* AddViewController.m */,
				933D8F651DAC92F8007034D9 /* FMDBManager.h */,
				933D8F661DAC92F8007034D9 /* FMDBManager.m */,
				93CD81BF1DABCDCF00A0A5B6 /* AppDelegate.h */,
				93CD81C01DABCDCF00A0A5B6 /* AppDelegate.m */,
				93CD81D31DABD03300A0A5B6 /* RootTableViewController.h */,
				93CD81D41DABD03300A0A5B6 /* RootTableViewController.m */,
				93B528751DACDE2400977CF4 /* PersonTableViewCell.h */,
				93B528761DACDE2400977CF4 /* PersonTableViewCell.m */,
				93CD81C51DABCDCF00A0A5B6 /* Main.storyboard */,
				93CD81C81DABCDCF00A0A5B6 /* Assets.xcassets */,
				93CD81CA1DABCDCF00A0A5B6 /* LaunchScreen.storyboard */,
				93CD81CD1DABCDCF00A0A5B6 /* Info.plist */,
				93CD81BC1DABCDCF00A0A5B6 /* Supporting Files */,
			);
			path = FMDBDemo;
			sourceTree = "<group>";
		};
		93CD81BC1DABCDCF00A0A5B6 /* Supporting Files */ = {
			isa = PBXGroup;
			children = (
				93B528701DACD5A100977CF4 /* default.png */,
				93CD81BD1DABCDCF00A0A5B6 /* main.m */,
			);
			name = "Supporting Files";
			sourceTree = "<group>";
		};
		C512BCA91B2B49A7E7A52538 /* Pods */ = {
			isa = PBXGroup;
			children = (
				179E65324A9160A31EE4D367 /* Pods-FMDBDemo.debug.xcconfig */,
				43FB9B74286AC7482A0B9DC6 /* Pods-FMDBDemo.release.xcconfig */,
			);
			name = Pods;
			sourceTree = "<group>";
		};
		F4A5250D5C263099D0F16EB8 /* Frameworks */ = {
			isa = PBXGroup;
			children = (
				933D8F681DAC93D2007034D9 /* libsqlite3.0.tbd */,
				6FD69044558DAB6DCAF385E8 /* libPods-FMDBDemo.a */,
			);
			name = Frameworks;
			sourceTree = "<group>";
		};
/* End PBXGroup section */

/* Begin PBXNativeTarget section */
		93CD81B81DABCDCF00A0A5B6 /* FMDBDemo */ = {
			isa = PBXNativeTarget;
			buildConfigurationList = 93CD81D01DABCDCF00A0A5B6 /* Build configuration list for PBXNativeTarget "FMDBDemo" */;
			buildPhases = (
				5566E2080CB932B849D38586 /* [CP] Check Pods Manifest.lock */,
				93CD81B51DABCDCF00A0A5B6 /* Sources */,
				93CD81B61DABCDCF00A0A5B6 /* Frameworks */,
				93CD81B71DABCDCF00A0A5B6 /* Resources */,
				5A7E2F1690BDA784BDBC5AE5 /* [CP] Embed Pods Frameworks */,
				C4D529A7DE44A423C985CFF9 /* [CP] Copy Pods Resources */,
			);
			buildRules = (
			);
			dependencies = (
			);
			name = FMDBDemo;
			productName = FMDBDemo;
			productReference = 93CD81B91DABCDCF00A0A5B6 /* FMDBDemo.app */;
			productType = "com.apple.product-type.application";
		};
/* End PBXNativeTarget section */

/* Begin PBXProject section */
		93CD81B11DABCDCF00A0A5B6 /* Project object */ = {
			isa = PBXProject;
			attributes = {
				LastUpgradeCheck = 0800;
				ORGANIZATIONNAME = "张近坪";
				TargetAttributes = {
					93CD81B81DABCDCF00A0A5B6 = {
						CreatedOnToolsVersion = 8.0;
						DevelopmentTeam = 4799467D3A;
						ProvisioningStyle = Automatic;
					};
				};
			};
			buildConfigurationList = 93CD81B41DABCDCF00A0A5B6 /* Build configuration list for PBXProject "FMDBDemo" */;
			compatibilityVersion = "Xcode 3.2";
			developmentRegion = English;
			hasScannedForEncodings = 0;
			knownRegions = (
				en,
				Base,
			);
			mainGroup = 93CD81B01DABCDCF00A0A5B6;
			productRefGroup = 93CD81BA1DABCDCF00A0A5B6 /* Products */;
			projectDirPath = "";
			projectRoot = "";
			targets = (
				93CD81B81DABCDCF00A0A5B6 /* FMDBDemo */,
			);
		};
/* End PBXProject section */

/* Begin PBXResourcesBuildPhase section */
		93CD81B71DABCDCF00A0A5B6 /* Resources */ = {
			isa = PBXResourcesBuildPhase;
			buildActionMask = 2147483647;
			files = (
				93CD81CC1DABCDCF00A0A5B6 /* LaunchScreen.storyboard in Resources */,
				93CD81C91DABCDCF00A0A5B6 /* Assets.xcassets in Resources */,
				93CD81C71DABCDCF00A0A5B6 /* Main.storyboard in Resources */,
				93B528711DACD5A100977CF4 /* default.png in Resources */,
			);
			runOnlyForDeploymentPostprocessing = 0;
		};
/* End PBXResourcesBuildPhase section */

/* Begin PBXShellScriptBuildPhase section */
		5566E2080CB932B849D38586 /* [CP] Check Pods Manifest.lock */ = {
			isa = PBXShellScriptBuildPhase;
			buildActionMask = 2147483647;
			files = (
			);
			inputPaths = (
			);
			name = "[CP] Check Pods Manifest.lock";
			outputPaths = (
			);
			runOnlyForDeploymentPostprocessing = 0;
			shellPath = /bin/sh;
			shellScript = "diff \"${PODS_ROOT}/../Podfile.lock\" \"${PODS_ROOT}/Manifest.lock\" > /dev/null\nif [ $? != 0 ] ; then\n    # print error to STDERR\n    echo \"error: The sandbox is not in sync with the Podfile.lock. Run 'pod install' or update your CocoaPods installation.\" >&2\n    exit 1\nfi\n";
			showEnvVarsInLog = 0;
		};
		5A7E2F1690BDA784BDBC5AE5 /* [CP] Embed Pods Frameworks */ = {
			isa = PBXShellScriptBuildPhase;
			buildActionMask = 2147483647;
			files = (
			);
			inputPaths = (
			);
			name = "[CP] Embed Pods Frameworks";
			outputPaths = (
			);
			runOnlyForDeploymentPostprocessing = 0;
			shellPath = /bin/sh;
			shellScript = "\"${SRCROOT}/Pods/Target Support Files/Pods-FMDBDemo/Pods-FMDBDemo-frameworks.sh\"\n";
			showEnvVarsInLog = 0;
		};
		C4D529A7DE44A423C985CFF9 /* [CP] Copy Pods Resources */ = {
			isa = PBXShellScriptBuildPhase;
			buildActionMask = 2147483647;
			files = (
			);
			inputPaths = (
			);
			name = "[CP] Copy Pods Resources";
			outputPaths = (
			);
			runOnlyForDeploymentPostprocessing = 0;
			shellPath = /bin/sh;
			shellScript = "\"${SRCROOT}/Pods/Target Support Files/Pods-FMDBDemo/Pods-FMDBDemo-resources.sh\"\n";
			showEnvVarsInLog = 0;
		};
/* End PBXShellScriptBuildPhase section */

/* Begin PBXSourcesBuildPhase section */
		93CD81B51DABCDCF00A0A5B6 /* Sources */ = {
			isa = PBXSourcesBuildPhase;
			buildActionMask = 2147483647;
			files = (
				93B528741DACD84A00977CF4 /* Person.m in Sources */,
				93CD81D51DABD03300A0A5B6 /* RootTableViewController.m in Sources */,
				93CD81C11DABCDCF00A0A5B6 /* AppDelegate.m in Sources */,
				93B528771DACDE2400977CF4 /* PersonTableViewCell.m in Sources */,
				933D8F671DAC92F8007034D9 /* FMDBManager.m in Sources */,
				93CD81D81DABD24500A0A5B6 /* AddViewController.m in Sources */,
				93CD81BE1DABCDCF00A0A5B6 /* main.m in Sources */,
			);
			runOnlyForDeploymentPostprocessing = 0;
		};
/* End PBXSourcesBuildPhase section */

/* Begin PBXVariantGroup section */
		93CD81C51DABCDCF00A0A5B6 /* Main.storyboard */ = {
			isa = PBXVariantGroup;
			children = (
				93CD81C61DABCDCF00A0A5B6 /* Base */,
			);
			name = Main.storyboard;
			sourceTree = "<group>";
		};
		93CD81CA1DABCDCF00A0A5B6 /* LaunchScreen.storyboard */ = {
			isa = PBXVariantGroup;
			children = (
				93CD81CB1DABCDCF00A0A5B6 /* Base */,
			);
			name = LaunchScreen.storyboard;
			sourceTree = "<group>";
		};
/* End PBXVariantGroup section */

/* Begin XCBuildConfiguration section */
		93CD81CE1DABCDCF00A0A5B6 /* Debug */ = {
			isa = XCBuildConfiguration;
			buildSettings = {
				ALWAYS_SEARCH_USER_PATHS = NO;
				CLANG_ANALYZER_NONNULL = YES;
				CLANG_CXX_LANGUAGE_STANDARD = "gnu++0x";
				CLANG_CXX_LIBRARY = "libc++";
				CLANG_ENABLE_MODULES = YES;
				CLANG_ENABLE_OBJC_ARC = YES;
				CLANG_WARN_BOOL_CONVERSION = YES;
				CLANG_WARN_CONSTANT_CONVERSION = YES;
				CLANG_WARN_DIRECT_OBJC_ISA_USAGE = YES_ERROR;
				CLANG_WARN_DOCUMENTATION_COMMENTS = YES;
				CLANG_WARN_EMPTY_BODY = YES;
				CLANG_WARN_ENUM_CONVERSION = YES;
				CLANG_WARN_INFINITE_RECURSION = YES;
				CLANG_WARN_INT_CONVERSION = YES;
				CLANG_WARN_OBJC_ROOT_CLASS = YES_ERROR;
				CLANG_WARN_SUSPICIOUS_MOVES = YES;
				CLANG_WARN_UNREACHABLE_CODE = YES;
				CLANG_WARN__DUPLICATE_METHOD_MATCH = YES;
				"CODE_SIGN_IDENTITY[sdk=iphoneos*]" = "iPhone Developer";
				COPY_PHASE_STRIP = NO;
				DEBUG_INFORMATION_FORMAT = dwarf;
				ENABLE_STRICT_OBJC_MSGSEND = YES;
				ENABLE_TESTABILITY = YES;
				GCC_C_LANGUAGE_STANDARD = gnu99;
				GCC_DYNAMIC_NO_PIC = NO;
				GCC_NO_COMMON_BLOCKS = YES;
				GCC_OPTIMIZATION_LEVEL = 0;
				GCC_PREPROCESSOR_DEFINITIONS = (
					"DEBUG=1",
					"$(inherited)",
				);
				GCC_WARN_64_TO_32_BIT_CONVERSION = YES;
				GCC_WARN_ABOUT_RETURN_TYPE = YES_ERROR;
				GCC_WARN_UNDECLARED_SELECTOR = YES;
				GCC_WARN_UNINITIALIZED_AUTOS = YES_AGGRESSIVE;
				GCC_WARN_UNUSED_FUNCTION = YES;
				GCC_WARN_UNUSED_VARIABLE = YES;
				IPHONEOS_DEPLOYMENT_TARGET = 10.0;
				MTL_ENABLE_DEBUG_INFO = YES;
				ONLY_ACTIVE_ARCH = YES;
				SDKROOT = iphoneos;
			};
			name = Debug;
		};
		93CD81CF1DABCDCF00A0A5B6 /* Release */ = {
			isa = XCBuildConfiguration;
			buildSettings = {
				ALWAYS_SEARCH_USER_PATHS = NO;
				CLANG_ANALYZER_NONNULL = YES;
				CLANG_CXX_LANGUAGE_STANDARD = "gnu++0x";
				CLANG_CXX_LIBRARY = "libc++";
				CLANG_ENABLE_MODULES = YES;
				CLANG_ENABLE_OBJC_ARC = YES;
				CLANG_WARN_BOOL_CONVERSION = YES;
				CLANG_WARN_CONSTANT_CONVERSION = YES;
				CLANG_WARN_DIRECT_OBJC_ISA_USAGE = YES_ERROR;
				CLANG_WARN_DOCUMENTATION_COMMENTS = YES;
				CLANG_WARN_EMPTY_BODY = YES;
				CLANG_WARN_ENUM_CONVERSION = YES;
				CLANG_WARN_INFINITE_RECURSION = YES;
				CLANG_WARN_INT_CONVERSION = YES;
				CLANG_WARN_OBJC_ROOT_CLASS = YES_ERROR;
				CLANG_WARN_SUSPICIOUS_MOVES = YES;
				CLANG_WARN_UNREACHABLE_CODE = YES;
				CLANG_WARN__DUPLICATE_METHOD_MATCH = YES;
				"CODE_SIGN_IDENTITY[sdk=iphoneos*]" = "iPhone Developer";
				COPY_PHASE_STRIP = NO;
				DEBUG_INFORMATION_FORMAT = "dwarf-with-dsym";
				ENABLE_NS_ASSERTIONS = NO;
				ENABLE_STRICT_OBJC_MSGSEND = YES;
				GCC_C_LANGUAGE_STANDARD = gnu99;
				GCC_NO_COMMON_BLOCKS = YES;
				GCC_WARN_64_TO_32_BIT_CONVERSION = YES;
				GCC_WARN_ABOUT_RETURN_TYPE = YES_ERROR;
				GCC_WARN_UNDECLARED_SELECTOR = YES;
				GCC_WARN_UNINITIALIZED_AUTOS = YES_AGGRESSIVE;
				GCC_WARN_UNUSED_FUNCTION = YES;
				GCC_WARN_UNUSED_VARIABLE = YES;
				IPHONEOS_DEPLOYMENT_TARGET = 10.0;
				MTL_ENABLE_DEBUG_INFO = NO;
				SDKROOT = iphoneos;
				VALIDATE_PRODUCT = YES;
			};
			name = Release;
		};
		93CD81D11DABCDCF00A0A5B6 /* Debug */ = {
			isa = XCBuildConfiguration;
			baseConfigurationReference = 179E65324A9160A31EE4D367 /* Pods-FMDBDemo.debug.xcconfig */;
			buildSettings = {
				ASSETCATALOG_COMPILER_APPICON_NAME = AppIcon;
				DEVELOPMENT_TEAM = 4799467D3A;
				INFOPLIST_FILE = FMDBDemo/Info.plist;
				LD_RUNPATH_SEARCH_PATHS = "$(inherited) @executable_path/Frameworks";
				PRODUCT_BUNDLE_IDENTIFIER = cn.Aaronzjp.FMDBDemo;
				PRODUCT_NAME = "$(TARGET_NAME)";
			};
			name = Debug;
		};
		93CD81D21DABCDCF00A0A5B6 /* Release */ = {
			isa = XCBuildConfiguration;
			baseConfigurationReference = 43FB9B74286AC7482A0B9DC6 /* Pods-FMDBDemo.release.xcconfig */;
			buildSettings = {
				ASSETCATALOG_COMPILER_APPICON_NAME = AppIcon;
				DEVELOPMENT_TEAM = 4799467D3A;
				INFOPLIST_FILE = FMDBDemo/Info.plist;
				LD_RUNPATH_SEARCH_PATHS = "$(inherited) @executable_path/Frameworks";
				PRODUCT_BUNDLE_IDENTIFIER = cn.Aaronzjp.FMDBDemo;
				PRODUCT_NAME = "$(TARGET_NAME)";
			};
			name = Release;
		};
/* End XCBuildConfiguration section */

/* Begin XCConfigurationList section */
		93CD81B41DABCDCF00A0A5B6 /* Build configuration list for PBXProject "FMDBDemo" */ = {
			isa = XCConfigurationList;
			buildConfigurations = (
				93CD81CE1DABCDCF00A0A5B6 /* Debug */,
				93CD81CF1DABCDCF00A0A5B6 /* Release */,
			);
			defaultConfigurationIsVisible = 0;
			defaultConfigurationName = Release;
		};
		93CD81D01DABCDCF00A0A5B6 /* Build configuration list for PBXNativeTarget "FMDBDemo" */ = {
			isa = XCConfigurationList;
			buildConfigurations = (
				93CD81D11DABCDCF00A0A5B6 /* Debug */,
				93CD81D21DABCDCF00A0A5B6 /* Release */,
			);
			defaultConfigurationIsVisible = 0;
			defaultConfigurationName = Release;
		};
/* End XCConfigurationList section */
	};
	rootObject = 93CD81B11DABCDCF00A0A5B6 /* Project object */;
}
